lockfileVersion: '9.0'

settings:
  autoInstallPeers: true
  excludeLinksFromLockfile: false

importers:

  .:
    dependencies:
      '@astrojs/check':
        specifier: ^0.9.4
        version: 0.9.4(typescript@5.6.3)
      '@astrojs/rss':
        specifier: ^4.0.9
        version: 4.0.9
      '@astrojs/sitemap':
        specifier: ^3.2.1
        version: 3.2.1
      '@astrojs/svelte':
        specifier: ^6.0.1
        version: 6.0.1(astro@4.16.13(@types/node@22.8.2)(lightningcss@1.27.0)(rollup@2.79.2)(sass@1.80.4)(stylus@0.63.0)(terser@5.36.0)(typescript@5.6.3))(svelte@5.2.2)(typescript@5.6.3)(vite@5.4.[...])
      '@astrojs/tailwind':
        specifier: ^5.1.2
        version: 5.1.2(astro@4.16.13(@types/node@22.8.2)(lightningcss@1.27.0)(rollup@2.79.2)(sass@1.80.4)(stylus@0.63.0)(terser@5.36.0)(typescript@5.6.3))(tailwindcss@3.4.14)
      '@fontsource-variable/jetbrains-mono':
        specifier: ^5.1.1
        version: 5.1.1
      '@fontsource/roboto':
        specifier: ^5.1.0
        version: 5.1.0
      '@iconify-json/fa6-brands':
        specifier: ^1.2.1
        version: 1.2.1
      '@iconify-json/fa6-regular':
        specifier: ^1.2.1
        version: 1.2.1
      '@iconify-json/fa6-solid':
        specifier: ^1.2.1
        version: 1.2.1
      '@iconify-json/material-symbols':
        specifier: ^1.2.5
        version: 1.2.5
      '@iconify/svelte':
        specifier: ^4.0.2
        version: 4.0.2(svelte@5.2.2)
      '@sveltejs/vite-plugin-svelte':
        specifier: ^4.0.0
        version: 4.0.0(svelte@5.2.2)(vite@5.4.10(@types/node@22.8.2)(lightningcss@1.27.0)(sass@1.80.4)(stylus@0.63.0)(terser@5.36.0))
      '@swup/astro':
        specifier: ^1.4.1
        version: 1.4.1(@types/babel__core@7.20.5)
      '@tailwindcss/typography':
        specifier: ^0.5.15
        version: 0.5.15(tailwindcss@3.4.14)
      astro:
        specifier: ^4.16.13
        version: 4.16.13(@types/node@22.8.2)(lightningcss@1.27.0)(rollup@2.79.2)(sass@1.80.4)(stylus@0.63.0)(terser@5.36.0)(typescript@5.6.3)
      astro-compress:
        specifier: ^2.3.5
        version: 2.3.5(@types/node@22.8.2)(rollup@2.79.2)(sass@1.80.4)(stylus@0.63.0)(typescript@5.6.3)
      astro-icon:
        specifier: ^1.2.0
        version: 1.2.0
      hastscript:
        specifier: ^9.0.0
        version: 9.0.0
      markdown-it:
        specifier: ^14.1.0
        version: 14.1.0
      mdast-util-to-string:
        specifier: ^4.0.0
        version: 4.0.0
      oh-my-live2d:
        specifier: ^0.19.3
        version: 0.19.3
      overlayscrollbars:
        specifier: ^2.10.0
        version: 2.10.0
      pagefind:
        specifier: ^1.1.1
        version: 1.1.1
      photoswipe:
        specifier: ^5.4.4
        version: 5.4.4
      pixi-live2d-display:
        specifier: ^0.4.0
        version: 0.4.0(76g3zz2nt7dtjnktvdvk76m2oe)
      pixi.js:
        specifier: 6.x
        version: 6.5.10
      reading-time:
        specifier: ^1.5.0
        version: 1.5.0
      rehype-autolink-headings:
        specifier: ^7.1.0
        version: 7.1.0
      rehype-components:
        specifier: ^0.3.0
        version: 0.3.0
      rehype-katex:
        specifier: ^7.0.1
        version: 7.0.1
      rehype-slug:
        specifier: ^6.0.0
        version: 6.0.0
      remark-directive:
        specifier: ^3.0.0
        version: 3.0.0
      remark-directive-rehype:
        specifier: ^0.4.2
        version: 0.4.2
      remark-github-admonitions-to-directives:
        specifier: ^1.0.5
        version: 1.0.5
      remark-math:
        specifier: ^6.0.0
        version: 6.0.0
      remark-sectionize:
        specifier: ^2.0.0
        version: 2.0.0
      sanitize-html:
        specifier: ^2.13.1
        version: 2.13.1
      sharp:
        specifier: ^0.33.5
        version: 0.33.5
      stylus:
        specifier: ^0.63.0
        version: 0.63.0
      svelte:
        specifier: ^5.2.2
        version: 5.2.2
      tailwindcss:
        specifier: ^3.4.14
        version: 3.4.14
      typescript:
        specifier: ^5.6.3
        version: 5.6.3
      unist-util-visit:
        specifier: ^5.0.0
        version: 5.0.0
    devDependencies:
      '@astrojs/ts-plugin':
        specifier: ^1.10.4
        version: 1.10.4
      '@biomejs/biome':
        specifier: 1.8.3
        version: 1.8.3
      '@rollup/plugin-yaml':
        specifier: ^4.1.2
        version: 4.1.2(rollup@2.79.2)
      '@types/markdown-it':
        specifier: ^14.1.2
        version: 14.1.2
      '@types/mdast':
        specifier: ^4.0.4
        version: 4.0.4
      '@types/sanitize-html':
        specifier: ^2.13.0
        version: 2.13.0
      postcss-import:
        specifier: ^16.1.0
        version: 16.1.0(postcss@8.4.47)
      postcss-nesting:
        specifier: ^13.0.1
        version: 13.0.1(postcss@8.4.47)

packages: []
